
Microsoft Visual Studio Solution File, Format Version 12.00
# Visual Studio Version 16
VisualStudioVersion = 16.0.30517.126
MinimumVisualStudioVersion = 10.0.40219.1
Project("{8BC9CEB8-8B4A-11D0-8D11-00A0C91BC942}") = "TP4", "TP4\TP4.vcxproj", "{6C7F4727-ED71-4049-A328-237A5CF48A83}"
EndProject
Project("{8BC9CEB8-8B4A-11D0-8D11-00A0C91BC942}") = "Exo2", "Exo2\Exo2.vcxproj", "{D08FAD7F-82FC-44C0-B760-E4AD7CBE630F}"
EndProject
Project("{8BC9CEB8-8B4A-11D0-8D11-00A0C91BC942}") = "Exo3", "Exo3\Exo3.vcxproj", "{EBB428DF-94AE-4588-94F4-1201AD4ACAF3}"
EndProject
Project("{8BC9CEB8-8B4A-11D0-8D11-00A0C91BC942}") = "Exo4", "Exo4\Exo4.vcxproj", "{CF006F68-93AE-4FC2-87C3-F09EF2C91286}"
EndProject
Project("{8BC9CEB8-8B4A-11D0-8D11-00A0C91BC942}") = "Exo5", "Exo5\Exo5.vcxproj", "{8A20E1CE-5D90-4222-A681-9744175F8C64}"
EndProject
Global
	GlobalSection(SolutionConfigurationPlatforms) = preSolution
		Debug|x64 = Debug|x64
		Debug|x86 = Debug|x86
		Release|x64 = Release|x64
		Release|x86 = Release|x86
	EndGlobalSection
	GlobalSection(ProjectConfigurationPlatforms) = postSolution
		{6C7F4727-ED71-4049-A328-237A5CF48A83}.Debug|x64.ActiveCfg = Debug|x64
		{6C7F4727-ED71-4049-A328-237A5CF48A83}.Debug|x64.Build.0 = Debug|x64
		{6C7F4727-ED71-4049-A328-237A5CF48A83}.Debug|x86.ActiveCfg = Debug|Win32
		{6C7F4727-ED71-4049-A328-237A5CF48A83}.Debug|x86.Build.0 = Debug|Win32
		{6C7F4727-ED71-4049-A328-237A5CF48A83}.Release|x64.ActiveCfg = Release|x64
		{6C7F4727-ED71-4049-A328-237A5CF48A83}.Release|x64.Build.0 = Release|x64
		{6C7F4727-ED71-4049-A328-237A5CF48A83}.Release|x86.ActiveCfg = Release|Win32
		{6C7F4727-ED71-4049-A328-237A5CF48A83}.Release|x86.Build.0 = Release|Win32
		{D08FAD7F-82FC-44C0-B760-E4AD7CBE630F}.Debug|x64.ActiveCfg = Debug|x64
		{D08FAD7F-82FC-44C0-B760-E4AD7CBE630F}.Debug|x64.Build.0 = Debug|x64
		{D08FAD7F-82FC-44C0-B760-E4AD7CBE630F}.Debug|x86.ActiveCfg = Debug|Win32
		{D08FAD7F-82FC-44C0-B760-E4AD7CBE630F}.Debug|x86.Build.0 = Debug|Win32
		{D08FAD7F-82FC-44C0-B760-E4AD7CBE630F}.Release|x64.ActiveCfg = Release|x64
		{D08FAD7F-82FC-44C0-B760-E4AD7CBE630F}.Release|x64.Build.0 = Release|x64
		{D08FAD7F-82FC-44C0-B760-E4AD7CBE630F}.Release|x86.ActiveCfg = Release|Win32
		{D08FAD7F-82FC-44C0-B760-E4AD7CBE630F}.Release|x86.Build.0 = Release|Win32
		{EBB428DF-94AE-4588-94F4-1201AD4ACAF3}.Debug|x64.ActiveCfg = Debug|x64
		{EBB428DF-94AE-4588-94F4-1201AD4ACAF3}.Debug|x64.Build.0 = Debug|x64
		{EBB428DF-94AE-4588-94F4-1201AD4ACAF3}.Debug|x86.ActiveCfg = Debug|Win32
		{EBB428DF-94AE-4588-94F4-1201AD4ACAF3}.Debug|x86.Build.0 = Debug|Win32
		{EBB428DF-94AE-4588-94F4-1201AD4ACAF3}.Release|x64.ActiveCfg = Release|x64
		{EBB428DF-94AE-4588-94F4-1201AD4ACAF3}.Release|x64.Build.0 = Release|x64
		{EBB428DF-94AE-4588-94F4-1201AD4ACAF3}.Release|x86.ActiveCfg = Release|Win32
		{EBB428DF-94AE-4588-94F4-1201AD4ACAF3}.Release|x86.Build.0 = Release|Win32
		{CF006F68-93AE-4FC2-87C3-F09EF2C91286}.Debug|x64.ActiveCfg = Debug|x64
		{CF006F68-93AE-4FC2-87C3-F09EF2C91286}.Debug|x64.Build.0 = Debug|x64
		{CF006F68-93AE-4FC2-87C3-F09EF2C91286}.Debug|x86.ActiveCfg = Debug|Win32
		{CF006F68-93AE-4FC2-87C3-F09EF2C91286}.Debug|x86.Build.0 = Debug|Win32
		{CF006F68-93AE-4FC2-87C3-F09EF2C91286}.Release|x64.ActiveCfg = Release|x64
		{CF006F68-93AE-4FC2-87C3-F09EF2C91286}.Release|x64.Build.0 = Release|x64
		{CF006F68-93AE-4FC2-87C3-F09EF2C91286}.Release|x86.ActiveCfg = Release|Win32
		{CF006F68-93AE-4FC2-87C3-F09EF2C91286}.Release|x86.Build.0 = Release|Win32
		{8A20E1CE-5D90-4222-A681-9744175F8C64}.Debug|x64.ActiveCfg = Debug|x64
		{8A20E1CE-5D90-4222-A681-9744175F8C64}.Debug|x64.Build.0 = Debug|x64
		{8A20E1CE-5D90-4222-A681-9744175F8C64}.Debug|x86.ActiveCfg = Debug|Win32
		{8A20E1CE-5D90-4222-A681-9744175F8C64}.Debug|x86.Build.0 = Debug|Win32
		{8A20E1CE-5D90-4222-A681-9744175F8C64}.Release|x64.ActiveCfg = Release|x64
		{8A20E1CE-5D90-4222-A681-9744175F8C64}.Release|x64.Build.0 = Release|x64
		{8A20E1CE-5D90-4222-A681-9744175F8C64}.Release|x86.ActiveCfg = Release|Win32
		{8A20E1CE-5D90-4222-A681-9744175F8C64}.Release|x86.Build.0 = Release|Win32
	EndGlobalSection
	GlobalSection(SolutionProperties) = preSolution
		HideSolutionNode = FALSE
	EndGlobalSection
	GlobalSection(ExtensibilityGlobals) = postSolution
		SolutionGuid = {29BC2E70-ABF3-4BFE-A87D-FF5E380F7CC0}
	EndGlobalSection
EndGlobal
